
Microsoft Visual Studio Solution File, Format Version 12.00
# Visual Studio 15
VisualStudioVersion = 15.0.28307.102
MinimumVisualStudioVersion = 10.0.40219.1
Project("{FAE04EC0-301F-11D3-BF4B-00C04F79EFBC}") = "DDONamedGearPlanner", "DDONamedGearPlanner\DDONamedGearPlanner.csproj", "{7EDFA639-F0B6-4049-9D82-39E97D14B31D}"
EndProject
Project("{FAE04EC0-301F-11D3-BF4B-00C04F79EFBC}") = "DDOWikiCrawler", "DDOWikiCrawler\DDOWikiCrawler.csproj", "{807A3ACC-F6CE-4D3C-9DA7-676F40650504}"
EndProject
Project("{FAE04EC0-301F-11D3-BF4B-00C04F79EFBC}") = "DDOWikiParser", "DDOWikiParser\DDOWikiParser.csproj", "{74663F2B-F465-4565-8FCC-D02B046B0432}"
EndProject
Global
	GlobalSection(SolutionConfigurationPlatforms) = preSolution
		Debug|Any CPU = Debug|Any CPU
		Debug|x64 = Debug|x64
		Release|Any CPU = Release|Any CPU
		Release|x64 = Release|x64
	EndGlobalSection
	GlobalSection(ProjectConfigurationPlatforms) = postSolution
		{7EDFA639-F0B6-4049-9D82-39E97D14B31D}.Debug|Any CPU.ActiveCfg = Debug|Any CPU
		{7EDFA639-F0B6-4049-9D82-39E97D14B31D}.Debug|Any CPU.Build.0 = Debug|Any CPU
		{7EDFA639-F0B6-4049-9D82-39E97D14B31D}.Debug|x64.ActiveCfg = Debug|x64
		{7EDFA639-F0B6-4049-9D82-39E97D14B31D}.Debug|x64.Build.0 = Debug|x64
		{7EDFA639-F0B6-4049-9D82-39E97D14B31D}.Release|Any CPU.ActiveCfg = Release|Any CPU
		{7EDFA639-F0B6-4049-9D82-39E97D14B31D}.Release|Any CPU.Build.0 = Release|Any CPU
		{7EDFA639-F0B6-4049-9D82-39E97D14B31D}.Release|x64.ActiveCfg = Release|x64
		{7EDFA639-F0B6-4049-9D82-39E97D14B31D}.Release|x64.Build.0 = Release|x64
		{807A3ACC-F6CE-4D3C-9DA7-676F40650504}.Debug|Any CPU.ActiveCfg = Debug|Any CPU
		{807A3ACC-F6CE-4D3C-9DA7-676F40650504}.Debug|Any CPU.Build.0 = Debug|Any CPU
		{807A3ACC-F6CE-4D3C-9DA7-676F40650504}.Debug|x64.ActiveCfg = Debug|x64
		{807A3ACC-F6CE-4D3C-9DA7-676F40650504}.Debug|x64.Build.0 = Debug|x64
		{807A3ACC-F6CE-4D3C-9DA7-676F40650504}.Release|Any CPU.ActiveCfg = Release|Any CPU
		{807A3ACC-F6CE-4D3C-9DA7-676F40650504}.Release|Any CPU.Build.0 = Release|Any CPU
		{807A3ACC-F6CE-4D3C-9DA7-676F40650504}.Release|x64.ActiveCfg = Release|x64
		{807A3ACC-F6CE-4D3C-9DA7-676F40650504}.Release|x64.Build.0 = Release|x64
		{74663F2B-F465-4565-8FCC-D02B046B0432}.Debug|Any CPU.ActiveCfg = Debug|Any CPU
		{74663F2B-F465-4565-8FCC-D02B046B0432}.Debug|Any CPU.Build.0 = Debug|Any CPU
		{74663F2B-F465-4565-8FCC-D02B046B0432}.Debug|x64.ActiveCfg = Debug|x64
		{74663F2B-F465-4565-8FCC-D02B046B0432}.Debug|x64.Build.0 = Debug|x64
		{74663F2B-F465-4565-8FCC-D02B046B0432}.Release|Any CPU.ActiveCfg = Release|Any CPU
		{74663F2B-F465-4565-8FCC-D02B046B0432}.Release|Any CPU.Build.0 = Release|Any CPU
		{74663F2B-F465-4565-8FCC-D02B046B0432}.Release|x64.ActiveCfg = Release|x64
		{74663F2B-F465-4565-8FCC-D02B046B0432}.Release|x64.Build.0 = Release|x64
	EndGlobalSection
	GlobalSection(SolutionProperties) = preSolution
		HideSolutionNode = FALSE
	EndGlobalSection
	GlobalSection(ExtensibilityGlobals) = postSolution
		SolutionGuid = {8530D639-DC0B-425C-A837-E551BFD8075E}
	EndGlobalSection
EndGlobal
