
Microsoft Visual Studio Solution File, Format Version 12.00
# Visual Studio 15
VisualStudioVersion = 15.0.28307.102
MinimumVisualStudioVersion = 10.0.40219.1
Project("{FAE04EC0-301F-11D3-BF4B-00C04F79EFBC}") = "DDONamedGearPlanner", "DDONamedGearPlanner\DDONamedGearPlanner.csproj", "{7EDFA639-F0B6-4049-9D82-39E97D14B31D}"
EndProject
Global
	GlobalSection(SolutionConfigurationPlatforms) = preSolution
		Debug|Any CPU = Debug|Any CPU
		Release|Any CPU = Release|Any CPU
	EndGlobalSection
	GlobalSection(ProjectConfigurationPlatforms) = postSolution
		{7EDFA639-F0B6-4049-9D82-39E97D14B31D}.Debug|Any CPU.ActiveCfg = Debug|Any CPU
		{7EDFA639-F0B6-4049-9D82-39E97D14B31D}.Debug|Any CPU.Build.0 = Debug|Any CPU
		{7EDFA639-F0B6-4049-9D82-39E97D14B31D}.Release|Any CPU.ActiveCfg = Release|Any CPU
		{7EDFA639-F0B6-4049-9D82-39E97D14B31D}.Release|Any CPU.Build.0 = Release|Any CPU
	EndGlobalSection
	GlobalSection(SolutionProperties) = preSolution
		HideSolutionNode = FALSE
	EndGlobalSection
	GlobalSection(ExtensibilityGlobals) = postSolution
		SolutionGuid = {8530D639-DC0B-425C-A837-E551BFD8075E}
	EndGlobalSection
EndGlobal
